Microsoft Visual Studio Solution File, Format Version 12.00
# Visual Studio Version 17
VisualStudioVersion = 17.5.2.0
MinimumVisualStudioVersion = 10.0.40219.1
Project("{FAE04EC0-301F-11D3-BF4B-00C04F79EFBC}") = "Expense_Tracker", "Expense_Tracker.csproj", "{1DCB5D87-1DAD-EFDD-A82F-6CB6BD72DC09}"
EndProject
Global
	GlobalSection(SolutionConfigurationPlatforms) = preSolution
		Debug|Any CPU = Debug|Any CPU
		Release|Any CPU = Release|Any CPU
	EndGlobalSection
	GlobalSection(ProjectConfigurationPlatforms) = postSolution
		{1DCB5D87-1DAD-EFDD-A82F-6CB6BD72DC09}.Debug|Any CPU.ActiveCfg = Debug|Any CPU
		{1DCB5D87-1DAD-EFDD-A82F-6CB6BD72DC09}.Debug|Any CPU.Build.0 = Debug|Any CPU
		{1DCB5D87-1DAD-EFDD-A82F-6CB6BD72DC09}.Release|Any CPU.ActiveCfg = Release|Any CPU
		{1DCB5D87-1DAD-EFDD-A82F-6CB6BD72DC09}.Release|Any CPU.Build.0 = Release|Any CPU
	EndGlobalSection
	GlobalSection(SolutionProperties) = preSolution
		HideSolutionNode = FALSE
	EndGlobalSection
	GlobalSection(ExtensibilityGlobals) = postSolution
		SolutionGuid = {90DD7966-6135-4067-B7F5-24FD78758F9A}
	EndGlobalSection
EndGlobal
